
Microsoft Visual Studio Solution File, Format Version 12.00
# Visual Studio 14
VisualStudioVersion = 14.0.25123.0
MinimumVisualStudioVersion = 10.0.40219.1
Project("{FAE04EC0-301F-11D3-BF4B-00C04F79EFBC}") = "Server", "Server\Server.csproj", "{71D72A9E-CCEC-40BD-8E1F-693CEBFE6699}"
EndProject
Project("{FAE04EC0-301F-11D3-BF4B-00C04F79EFBC}") = "Interfaces", "Interfaces\Interfaces.csproj", "{0541D8CB-C463-418C-B169-79EC35C3D944}"
EndProject
Project("{FAE04EC0-301F-11D3-BF4B-00C04F79EFBC}") = "ChatWindow", "ChatWindow\ChatWindow.csproj", "{8801C3CF-8556-4638-9744-4160F6A7517F}"
EndProject
Global
	GlobalSection(SolutionConfigurationPlatforms) = preSolution
		Debug|Any CPU = Debug|Any CPU
		Release|Any CPU = Release|Any CPU
	EndGlobalSection
	GlobalSection(ProjectConfigurationPlatforms) = postSolution
		{71D72A9E-CCEC-40BD-8E1F-693CEBFE6699}.Debug|Any CPU.ActiveCfg = Debug|Any CPU
		{71D72A9E-CCEC-40BD-8E1F-693CEBFE6699}.Debug|Any CPU.Build.0 = Debug|Any CPU
		{71D72A9E-CCEC-40BD-8E1F-693CEBFE6699}.Release|Any CPU.ActiveCfg = Release|Any CPU
		{71D72A9E-CCEC-40BD-8E1F-693CEBFE6699}.Release|Any CPU.Build.0 = Release|Any CPU
		{0541D8CB-C463-418C-B169-79EC35C3D944}.Debug|Any CPU.ActiveCfg = Debug|Any CPU
		{0541D8CB-C463-418C-B169-79EC35C3D944}.Debug|Any CPU.Build.0 = Debug|Any CPU
		{0541D8CB-C463-418C-B169-79EC35C3D944}.Release|Any CPU.ActiveCfg = Release|Any CPU
		{0541D8CB-C463-418C-B169-79EC35C3D944}.Release|Any CPU.Build.0 = Release|Any CPU
		{8801C3CF-8556-4638-9744-4160F6A7517F}.Debug|Any CPU.ActiveCfg = Debug|Any CPU
		{8801C3CF-8556-4638-9744-4160F6A7517F}.Debug|Any CPU.Build.0 = Debug|Any CPU
		{8801C3CF-8556-4638-9744-4160F6A7517F}.Release|Any CPU.ActiveCfg = Release|Any CPU
		{8801C3CF-8556-4638-9744-4160F6A7517F}.Release|Any CPU.Build.0 = Release|Any CPU
	EndGlobalSection
	GlobalSection(SolutionProperties) = preSolution
		HideSolutionNode = FALSE
	EndGlobalSection
EndGlobal
